
Microsoft Visual Studio Solution File, Format Version 12.00
# Visual Studio Version 17
VisualStudioVersion = 17.8.34525.116
MinimumVisualStudioVersion = 10.0.40219.1
Project("{9A19103F-16F7-4668-BE54-9A1E7A4F7556}") = "Identity.RequestToken", "Identity.RequestToken.csproj", "{D5BD438E-9B36-4F1C-8DD6-13B5790C99D3}"
EndProject
Global
	GlobalSection(SolutionConfigurationPlatforms) = preSolution
		Debug|Any CPU = Debug|Any CPU
		Release|Any CPU = Release|Any CPU
	EndGlobalSection
	GlobalSection(ProjectConfigurationPlatforms) = postSolution
		{D5BD438E-9B36-4F1C-8DD6-13B5790C99D3}.Debug|Any CPU.ActiveCfg = Debug|Any CPU
		{D5BD438E-9B36-4F1C-8DD6-13B5790C99D3}.Debug|Any CPU.Build.0 = Debug|Any CPU
		{D5BD438E-9B36-4F1C-8DD6-13B5790C99D3}.Release|Any CPU.ActiveCfg = Release|Any CPU
		{D5BD438E-9B36-4F1C-8DD6-13B5790C99D3}.Release|Any CPU.Build.0 = Release|Any CPU
	EndGlobalSection
	GlobalSection(SolutionProperties) = preSolution
		HideSolutionNode = FALSE
	EndGlobalSection
	GlobalSection(ExtensibilityGlobals) = postSolution
		SolutionGuid = {A12FD4DF-1C9B-4DCA-96DE-9E86109B4AC8}
	EndGlobalSection
EndGlobal
